// !$*UTF8*$!
{
	archiveVersion = 1;
	classes = {
	};
	objectVersion = 56;
	objects = {

/* Begin PBXBuildFile section */
		E62C29502BFA448800C77813 /* AppDelegate.swift in Sources */ = {isa = PBXBuildFile; fileRef = E62C294F2BFA448800C77813 /* AppDelegate.swift */; };
		E62C29522BFA448800C77813 /* art.scnassets in Resources */ = {isa = PBXBuildFile; fileRef = E62C29512BFA448800C77813 /* art.scnassets */; };
		E62C29542BFA448800C77813 /* ViewController.swift in Sources */ = {isa = PBXBuildFile; fileRef = E62C29532BFA448800C77813 /* ViewController.swift */; };
		E62C29572BFA448800C77813 /* Base in Resources */ = {isa = PBXBuildFile; fileRef = E62C29562BFA448800C77813 /* Base */; };
		E62C29592BFA448900C77813 /* Assets.xcassets in Resources */ = {isa = PBXBuildFile; fileRef = E62C29582BFA448900C77813 /* Assets.xcassets */; };
		E667A5A72BFF88570010C69C /* ContentView.swift in Sources */ = {isa = PBXBuildFile; fileRef = E667A5A62BFF88570010C69C /* ContentView.swift */; };
		E667A5A92BFF889D0010C69C /* SplashScreen.swift in Sources */ = {isa = PBXBuildFile; fileRef = E667A5A82BFF889D0010C69C /* SplashScreen.swift */; };
		E667A5AD2BFF8A940010C69C /* MainContentView.swift in Sources */ = {isa = PBXBuildFile; fileRef = E667A5AC2BFF8A940010C69C /* MainContentView.swift */; };
		E6B54ED62BFF458D00A15520 /* ManualGuide.swift in Sources */ = {isa = PBXBuildFile; fileRef = E6B54ED52BFF458D00A15520 /* ManualGuide.swift */; };
/* End PBXBuildFile section */

/* Begin PBXFileReference section */
		E62C294C2BFA448800C77813 /* JakLandmarks.app */ = {isa = PBXFileReference; explicitFileType = wrapper.application; includeInIndex = 0; path = JakLandmarks.app; sourceTree = BUILT_PRODUCTS_DIR; };
		E62C294F2BFA448800C77813 /* AppDelegate.swift */ = {isa = PBXFileReference; lastKnownFileType = sourcecode.swift; path = AppDelegate.swift; sourceTree = "<group>"; };
		E62C29512BFA448800C77813 /* art.scnassets */ = {isa = PBXFileReference; lastKnownFileType = wrapper.scnassets; path = art.scnassets; sourceTree = "<group>"; };
		E62C29532BFA448800C77813 /* ViewController.swift */ = {isa = PBXFileReference; lastKnownFileType = sourcecode.swift; path = ViewController.swift; sourceTree = "<group>"; };
		E62C29562BFA448800C77813 /* Base */ = {isa = PBXFileReference; lastKnownFileType = file.storyboard; name = Base; path = Base.lproj/Main.storyboard; sourceTree = "<group>"; };
		E62C29582BFA448900C77813 /* Assets.xcassets */ = {isa = PBXFileReference; lastKnownFileType = folder.assetcatalog; path = Assets.xcassets; sourceTree = "<group>"; };
		E667A5A62BFF88570010C69C /* ContentView.swift */ = {isa = PBXFileReference; lastKnownFileType = sourcecode.swift; path = ContentView.swift; sourceTree = "<group>"; };
		E667A5A82BFF889D0010C69C /* SplashScreen.swift */ = {isa = PBXFileReference; lastKnownFileType = sourcecode.swift; path = SplashScreen.swift; sourceTree = "<group>"; };
		E667A5AC2BFF8A940010C69C /* MainContentView.swift */ = {isa = PBXFileReference; lastKnownFileType = sourcecode.swift; path = MainContentView.swift; sourceTree = "<group>"; };
		E6B54ED52BFF458D00A15520 /* ManualGuide.swift */ = {isa = PBXFileReference; lastKnownFileType = sourcecode.swift; path = ManualGuide.swift; sourceTree = "<group>"; };
/* End PBXFileReference section */

/* Begin PBXFrameworksBuildPhase section */
		E62C29492BFA448800C77813 /* Frameworks */ = {
			isa = PBXFrameworksBuildPhase;
			buildActionMask = 2147483647;
			files = (
			);
			runOnlyForDeploymentPostprocessing = 0;
		};
/* End PBXFrameworksBuildPhase section */

/* Begin PBXGroup section */
		E62C29432BFA448800C77813 = {
			isa = PBXGroup;
			children = (
				E62C294E2BFA448800C77813 /* JakLandmarks */,
				E62C294D2BFA448800C77813 /* Products */,
			);
			sourceTree = "<group>";
		};
		E62C294D2BFA448800C77813 /* Products */ = {
			isa = PBXGroup;
			children = (
				E62C294C2BFA448800C77813 /* JakLandmarks.app */,
			);
			name = Products;
			sourceTree = "<group>";
		};
		E62C294E2BFA448800C77813 /* JakLandmarks */ = {
			isa = PBXGroup;
			children = (
				E62C294F2BFA448800C77813 /* AppDelegate.swift */,
				E667A5A62BFF88570010C69C /* ContentView.swift */,
				E667A5AA2BFF88B80010C69C /* Separated View */,
				E667A5AB2BFF8A240010C69C /* AR Configuration */,
				E62C29512BFA448800C77813 /* art.scnassets */,
				E62C29552BFA448800C77813 /* Main.storyboard */,
				E62C29582BFA448900C77813 /* Assets.xcassets */,
			);
			path = JakLandmarks;
			sourceTree = "<group>";
		};
		E667A5AA2BFF88B80010C69C /* Separated View */ = {
			isa = PBXGroup;
			children = (
				E667A5AC2BFF8A940010C69C /* MainContentView.swift */,
				E667A5A82BFF889D0010C69C /* SplashScreen.swift */,
				E6B54ED52BFF458D00A15520 /* ManualGuide.swift */,
			);
			path = "Separated View";
			sourceTree = "<group>";
		};
		E667A5AB2BFF8A240010C69C /* AR Configuration */ = {
			isa = PBXGroup;
			children = (
				E62C29532BFA448800C77813 /* ViewController.swift */,
			);
			path = "AR Configuration";
			sourceTree = "<group>";
		};
/* End PBXGroup section */

/* Begin PBXNativeTarget section */
		E62C294B2BFA448800C77813 /* JakLandmarks */ = {
			isa = PBXNativeTarget;
			buildConfigurationList = E62C295C2BFA448900C77813 /* Build configuration list for PBXNativeTarget "JakLandmarks" */;
			buildPhases = (
				E62C29482BFA448800C77813 /* Sources */,
				E62C29492BFA448800C77813 /* Frameworks */,
				E62C294A2BFA448800C77813 /* Resources */,
			);
			buildRules = (
			);
			dependencies = (
			);
			name = JakLandmarks;
			productName = JakLandmarks;
			productReference = E62C294C2BFA448800C77813 /* JakLandmarks.app */;
			productType = "com.apple.product-type.application";
		};
/* End PBXNativeTarget section */

/* Begin PBXProject section */
		E62C29442BFA448800C77813 /* Project object */ = {
			isa = PBXProject;
			attributes = {
				BuildIndependentTargetsInParallel = 1;
				LastSwiftUpdateCheck = 1530;
				LastUpgradeCheck = 1530;
				TargetAttributes = {
					E62C294B2BFA448800C77813 = {
						CreatedOnToolsVersion = 15.3;
					};
				};
			};
			buildConfigurationList = E62C29472BFA448800C77813 /* Build configuration list for PBXProject "JakLandmarks" */;
			compatibilityVersion = "Xcode 14.0";
			developmentRegion = en;
			hasScannedForEncodings = 0;
			knownRegions = (
				en,
				Base,
			);
			mainGroup = E62C29432BFA448800C77813;
			productRefGroup = E62C294D2BFA448800C77813 /* Products */;
			projectDirPath = "";
			projectRoot = "";
			targets = (
				E62C294B2BFA448800C77813 /* JakLandmarks */,
			);
		};
/* End PBXProject section */

/* Begin PBXResourcesBuildPhase section */
		E62C294A2BFA448800C77813 /* Resources */ = {
			isa = PBXResourcesBuildPhase;
			buildActionMask = 2147483647;
			files = (
				E62C29522BFA448800C77813 /* art.scnassets in Resources */,
				E62C29592BFA448900C77813 /* Assets.xcassets in Resources */,
				E62C29572BFA448800C77813 /* Base in Resources */,
			);
			runOnlyForDeploymentPostprocessing = 0;
		};
/* End PBXResourcesBuildPhase section */

/* Begin PBXSourcesBuildPhase section */
		E62C29482BFA448800C77813 /* Sources */ = {
			isa = PBXSourcesBuildPhase;
			buildActionMask = 2147483647;
			files = (
				E667A5A92BFF889D0010C69C /* SplashScreen.swift in Sources */,
				E6B54ED62BFF458D00A15520 /* ManualGuide.swift in Sources */,
				E62C29542BFA448800C77813 /* ViewController.swift in Sources */,
				E667A5A72BFF88570010C69C /* ContentView.swift in Sources */,
				E62C29502BFA448800C77813 /* AppDelegate.swift in Sources */,
				E667A5AD2BFF8A940010C69C /* MainContentView.swift in Sources */,
			);
			runOnlyForDeploymentPostprocessing = 0;
		};
/* End PBXSourcesBuildPhase section */

/* Begin PBXVariantGroup section */
		E62C29552BFA448800C77813 /* Main.storyboard */ = {
			isa = PBXVariantGroup;
			children = (
				E62C29562BFA448800C77813 /* Base */,
			);
			name = Main.storyboard;
			sourceTree = "<group>";
		};
/* End PBXVariantGroup section */

/* Begin XCBuildConfiguration section */
		E62C295A2BFA448900C77813 /* Debug */ = {
			isa = XCBuildConfiguration;
			buildSettings = {
				ALWAYS_SEARCH_USER_PATHS = NO;
				ASSETCATALOG_COMPILER_GENERATE_SWIFT_ASSET_SYMBOL_EXTENSIONS = YES;
				CLANG_ANALYZER_NONNULL = YES;
				CLANG_ANALYZER_NUMBER_OBJECT_CONVERSION = YES_AGGRESSIVE;
				CLANG_CXX_LANGUAGE_STANDARD = "gnu++20";
				CLANG_ENABLE_MODULES = YES;
				CLANG_ENABLE_OBJC_ARC = YES;
				CLANG_ENABLE_OBJC_WEAK = YES;
				CLANG_WARN_BLOCK_CAPTURE_AUTORELEASING = YES;
				CLANG_WARN_BOOL_CONVERSION = YES;
				CLANG_WARN_COMMA = YES;
				CLANG_WARN_CONSTANT_CONVERSION = YES;
				CLANG_WARN_DEPRECATED_OBJC_IMPLEMENTATIONS = YES;
				CLANG_WARN_DIRECT_OBJC_ISA_USAGE = YES_ERROR;
				CLANG_WARN_DOCUMENTATION_COMMENTS = YES;
				CLANG_WARN_EMPTY_BODY = YES;
				CLANG_WARN_ENUM_CONVERSION = YES;
				CLANG_WARN_INFINITE_RECURSION = YES;
				CLANG_WARN_INT_CONVERSION = YES;
				CLANG_WARN_NON_LITERAL_NULL_CONVERSION = YES;
				CLANG_WARN_OBJC_IMPLICIT_RETAIN_SELF = YES;
				CLANG_WARN_OBJC_LITERAL_CONVERSION = YES;
				CLANG_WARN_OBJC_ROOT_CLASS = YES_ERROR;
				CLANG_WARN_QUOTED_INCLUDE_IN_FRAMEWORK_HEADER = YES;
				CLANG_WARN_RANGE_LOOP_ANALYSIS = YES;
				CLANG_WARN_STRICT_PROTOTYPES = YES;
				CLANG_WARN_SUSPICIOUS_MOVE = YES;
				CLANG_WARN_UNGUARDED_AVAILABILITY = YES_AGGRESSIVE;
				CLANG_WARN_UNREACHABLE_CODE = YES;
				CLANG_WARN__DUPLICATE_METHOD_MATCH = YES;
				COPY_PHASE_STRIP = NO;
				DEBUG_INFORMATION_FORMAT = dwarf;
				ENABLE_STRICT_OBJC_MSGSEND = YES;
				ENABLE_TESTABILITY = YES;
				ENABLE_USER_SCRIPT_SANDBOXING = YES;
				GCC_C_LANGUAGE_STANDARD = gnu17;
				GCC_DYNAMIC_NO_PIC = NO;
				GCC_NO_COMMON_BLOCKS = YES;
				GCC_OPTIMIZATION_LEVEL = 0;
				GCC_PREPROCESSOR_DEFINITIONS = (
					"DEBUG=1",
					"$(inherited)",
				);
				GCC_WARN_64_TO_32_BIT_CONVERSION = YES;
				GCC_WARN_ABOUT_RETURN_TYPE = YES_ERROR;
				GCC_WARN_UNDECLARED_SELECTOR = YES;
				GCC_WARN_UNINITIALIZED_AUTOS = YES_AGGRESSIVE;
				GCC_WARN_UNUSED_FUNCTION = YES;
				GCC_WARN_UNUSED_VARIABLE = YES;
				IPHONEOS_DEPLOYMENT_TARGET = 17.4;
				LOCALIZATION_PREFERS_STRING_CATALOGS = YES;
				MTL_ENABLE_DEBUG_INFO = INCLUDE_SOURCE;
				MTL_FAST_MATH = YES;
				ONLY_ACTIVE_ARCH = YES;
				SDKROOT = iphoneos;
				SWIFT_ACTIVE_COMPILATION_CONDITIONS = "DEBUG $(inherited)";
				SWIFT_OPTIMIZATION_LEVEL = "-Onone";
			};
			name = Debug;
		};
		E62C295B2BFA448900C77813 /* Release */ = {
			isa = XCBuildConfiguration;
			buildSettings = {
				ALWAYS_SEARCH_USER_PATHS = NO;
				ASSETCATALOG_COMPILER_GENERATE_SWIFT_ASSET_SYMBOL_EXTENSIONS = YES;
				CLANG_ANALYZER_NONNULL = YES;
				CLANG_ANALYZER_NUMBER_OBJECT_CONVERSION = YES_AGGRESSIVE;
				CLANG_CXX_LANGUAGE_STANDARD = "gnu++20";
				CLANG_ENABLE_MODULES = YES;
				CLANG_ENABLE_OBJC_ARC = YES;
				CLANG_ENABLE_OBJC_WEAK = YES;
				CLANG_WARN_BLOCK_CAPTURE_AUTORELEASING = YES;
				CLANG_WARN_BOOL_CONVERSION = YES;
				CLANG_WARN_COMMA = YES;
				CLANG_WARN_CONSTANT_CONVERSION = YES;
				CLANG_WARN_DEPRECATED_OBJC_IMPLEMENTATIONS = YES;
				CLANG_WARN_DIRECT_OBJC_ISA_USAGE = YES_ERROR;
				CLANG_WARN_DOCUMENTATION_COMMENTS = YES;
				CLANG_WARN_EMPTY_BODY = YES;
				CLANG_WARN_ENUM_CONVERSION = YES;
				CLANG_WARN_INFINITE_RECURSION = YES;
				CLANG_WARN_INT_CONVERSION = YES;
				CLANG_WARN_NON_LITERAL_NULL_CONVERSION = YES;
				CLANG_WARN_OBJC_IMPLICIT_RETAIN_SELF = YES;
				CLANG_WARN_OBJC_LITERAL_CONVERSION = YES;
				CLANG_WARN_OBJC_ROOT_CLASS = YES_ERROR;
				CLANG_WARN_QUOTED_INCLUDE_IN_FRAMEWORK_HEADER = YES;
				CLANG_WARN_RANGE_LOOP_ANALYSIS = YES;
				CLANG_WARN_STRICT_PROTOTYPES = YES;
				CLANG_WARN_SUSPICIOUS_MOVE = YES;
				CLANG_WARN_UNGUARDED_AVAILABILITY = YES_AGGRESSIVE;
				CLANG_WARN_UNREACHABLE_CODE = YES;
				CLANG_WARN__DUPLICATE_METHOD_MATCH = YES;
				COPY_PHASE_STRIP = NO;
				DEBUG_INFORMATION_FORMAT = "dwarf-with-dsym";
				ENABLE_NS_ASSERTIONS = NO;
				ENABLE_STRICT_OBJC_MSGSEND = YES;
				ENABLE_USER_SCRIPT_SANDBOXING = YES;
				GCC_C_LANGUAGE_STANDARD = gnu17;
				GCC_NO_COMMON_BLOCKS = YES;
				GCC_WARN_64_TO_32_BIT_CONVERSION = YES;
				GCC_WARN_ABOUT_RETURN_TYPE = YES_ERROR;
				GCC_WARN_UNDECLARED_SELECTOR = YES;
				GCC_WARN_UNINITIALIZED_AUTOS = YES_AGGRESSIVE;
				GCC_WARN_UNUSED_FUNCTION = YES;
				GCC_WARN_UNUSED_VARIABLE = YES;
				IPHONEOS_DEPLOYMENT_TARGET = 17.4;
				LOCALIZATION_PREFERS_STRING_CATALOGS = YES;
				MTL_ENABLE_DEBUG_INFO = NO;
				MTL_FAST_MATH = YES;
				SDKROOT = iphoneos;
				SWIFT_COMPILATION_MODE = wholemodule;
				VALIDATE_PRODUCT = YES;
			};
			name = Release;
		};
		E62C295D2BFA448900C77813 /* Debug */ = {
			isa = XCBuildConfiguration;
			buildSettings = {
				ASSETCATALOG_COMPILER_APPICON_NAME = AppIcon;
				ASSETCATALOG_COMPILER_GLOBAL_ACCENT_COLOR_NAME = AccentColor;
				CODE_SIGN_STYLE = Automatic;
				CURRENT_PROJECT_VERSION = 1;
				DEVELOPMENT_TEAM = HPS6HD2CRR;
				GENERATE_INFOPLIST_FILE = YES;
				INFOPLIST_KEY_NSCameraUsageDescription = "";
				INFOPLIST_KEY_UIApplicationSupportsIndirectInputEvents = YES;
				INFOPLIST_KEY_UIMainStoryboardFile = Main;
				INFOPLIST_KEY_UIRequiredDeviceCapabilities = arkit;
				INFOPLIST_KEY_UIStatusBarHidden = YES;
				INFOPLIST_KEY_UISupportedInterfaceOrientations = "UIInterfaceOrientationLandscapeLeft UIInterfaceOrientationLandscapeRight";
				LD_RUNPATH_SEARCH_PATHS = (
					"$(inherited)",
					"@executable_path/Frameworks",
				);
				MARKETING_VERSION = 1.0;
				PRODUCT_BUNDLE_IDENTIFIER = ariefyunansyah.JakLandmarks;
				PRODUCT_NAME = "$(TARGET_NAME)";
				SWIFT_EMIT_LOC_STRINGS = YES;
				SWIFT_VERSION = 5.0;
				TARGETED_DEVICE_FAMILY = "1,2";
			};
			name = Debug;
		};
		E62C295E2BFA448900C77813 /* Release */ = {
			isa = XCBuildConfiguration;
			buildSettings = {
				ASSETCATALOG_COMPILER_APPICON_NAME = AppIcon;
				ASSETCATALOG_COMPILER_GLOBAL_ACCENT_COLOR_NAME = AccentColor;
				CODE_SIGN_STYLE = Automatic;
				CURRENT_PROJECT_VERSION = 1;
				DEVELOPMENT_TEAM = HPS6HD2CRR;
				GENERATE_INFOPLIST_FILE = YES;
				INFOPLIST_KEY_NSCameraUsageDescription = "";
				INFOPLIST_KEY_UIApplicationSupportsIndirectInputEvents = YES;
				INFOPLIST_KEY_UIMainStoryboardFile = Main;
				INFOPLIST_KEY_UIRequiredDeviceCapabilities = arkit;
				INFOPLIST_KEY_UIStatusBarHidden = YES;
				INFOPLIST_KEY_UISupportedInterfaceOrientations = "UIInterfaceOrientationLandscapeLeft UIInterfaceOrientationLandscapeRight";
				LD_RUNPATH_SEARCH_PATHS = (
					"$(inherited)",
					"@executable_path/Frameworks",
				);
				MARKETING_VERSION = 1.0;
				PRODUCT_BUNDLE_IDENTIFIER = ariefyunansyah.JakLandmarks;
				PRODUCT_NAME = "$(TARGET_NAME)";
				SWIFT_EMIT_LOC_STRINGS = YES;
				SWIFT_VERSION = 5.0;
				TARGETED_DEVICE_FAMILY = "1,2";
			};
			name = Release;
		};
/* End XCBuildConfiguration section */

/* Begin XCConfigurationList section */
		E62C29472BFA448800C77813 /* Build configuration list for PBXProject "JakLandmarks" */ = {
			isa = XCConfigurationList;
			buildConfigurations = (
				E62C295A2BFA448900C77813 /* Debug */,
				E62C295B2BFA448900C77813 /* Release */,
			);
			defaultConfigurationIsVisible = 0;
			defaultConfigurationName = Release;
		};
		E62C295C2BFA448900C77813 /* Build configuration list for PBXNativeTarget "JakLandmarks" */ = {
			isa = XCConfigurationList;
			buildConfigurations = (
				E62C295D2BFA448900C77813 /* Debug */,
				E62C295E2BFA448900C77813 /* Release */,
			);
			defaultConfigurationIsVisible = 0;
			defaultConfigurationName = Release;
		};
/* End XCConfigurationList section */
	};
	rootObject = E62C29442BFA448800C77813 /* Project object */;
}
